
Microsoft Visual Studio Solution File, Format Version 12.00
# Visual Studio 15
VisualStudioVersion = 15.0.28307.645
MinimumVisualStudioVersion = 10.0.40219.1
Project("{FAE04EC0-301F-11D3-BF4B-00C04F79EFBC}") = "WebProgramApi", "WebProgramApi\WebProgramApi.csproj", "{83ED8339-BC57-40CA-B531-07B49D4D2BA6}"
EndProject
Global
	GlobalSection(SolutionConfigurationPlatforms) = preSolution
		Debug|Any CPU = Debug|Any CPU
		Release|Any CPU = Release|Any CPU
	EndGlobalSection
	GlobalSection(ProjectConfigurationPlatforms) = postSolution
		{83ED8339-BC57-40CA-B531-07B49D4D2BA6}.Debug|Any CPU.ActiveCfg = Debug|Any CPU
		{83ED8339-BC57-40CA-B531-07B49D4D2BA6}.Debug|Any CPU.Build.0 = Debug|Any CPU
		{83ED8339-BC57-40CA-B531-07B49D4D2BA6}.Release|Any CPU.ActiveCfg = Release|Any CPU
		{83ED8339-BC57-40CA-B531-07B49D4D2BA6}.Release|Any CPU.Build.0 = Release|Any CPU
	EndGlobalSection
	GlobalSection(SolutionProperties) = preSolution
		HideSolutionNode = FALSE
	EndGlobalSection
	GlobalSection(ExtensibilityGlobals) = postSolution
		SolutionGuid = {983E00BB-CCA4-48BB-9B04-84E8FA08D8B2}
	EndGlobalSection
EndGlobal
